
Microsoft Visual Studio Solution File, Format Version 12.00
# Visual Studio Version 16
VisualStudioVersion = 16.0.30907.101
MinimumVisualStudioVersion = 10.0.40219.1
Project("{9A19103F-16F7-4668-BE54-9A1E7A4F7556}") = "KampIntro", "KampIntro\KampIntro.csproj", "{01669A1D-A07E-4898-B480-39D0606026B2}"
EndProject
Project("{9A19103F-16F7-4668-BE54-9A1E7A4F7556}") = "Donguler", "Donguler\Donguler.csproj", "{506BF0F2-78A7-44E3-A8BB-782EA2E47FCE}"
EndProject
Project("{9A19103F-16F7-4668-BE54-9A1E7A4F7556}") = "ClassIntro", "ClassIntro\ClassIntro.csproj", "{27FFD7DA-08DA-43B3-966F-066B62AA7973}"
EndProject
Project("{9A19103F-16F7-4668-BE54-9A1E7A4F7556}") = "Metotlar", "Metotlar\Metotlar.csproj", "{666F3492-56E2-4D5A-BECC-03B3738F7DDA}"
EndProject
Project("{9A19103F-16F7-4668-BE54-9A1E7A4F7556}") = "Matematik", "Matematik\Matematik.csproj", "{802B00A9-7D8B-4624-98AE-C26458C52475}"
EndProject
Project("{9A19103F-16F7-4668-BE54-9A1E7A4F7556}") = "DegerVeReferansTipler", "DegerVeReferansTipler\DegerVeReferansTipler.csproj", "{4ECFD7C8-5EA1-4E94-8DC1-56D654535507}"
EndProject
Project("{9A19103F-16F7-4668-BE54-9A1E7A4F7556}") = "OOP1", "OOP1\OOP1.csproj", "{504B1AE1-6D71-4189-8126-653C0F0F790A}"
EndProject
Project("{9A19103F-16F7-4668-BE54-9A1E7A4F7556}") = "Koleksiyonlar", "Koleksiyonlar\Koleksiyonlar.csproj", "{7783F6C2-D2C7-409F-824A-3ED787F4B903}"
EndProject
Project("{9A19103F-16F7-4668-BE54-9A1E7A4F7556}") = "GenericsIntro", "GenericsIntro\GenericsIntro.csproj", "{C8B4E8F1-CCCB-4A6F-B4F4-071084935E37}"
EndProject
Project("{FAE04EC0-301F-11D3-BF4B-00C04F79EFBC}") = "OOP2", "OOP2\OOP2.csproj", "{176653D0-CA0C-4EE5-A654-B513E06117AE}"
EndProject
Project("{FAE04EC0-301F-11D3-BF4B-00C04F79EFBC}") = "OOP3", "OOP3\OOP3.csproj", "{D4F96ACF-B0B6-4407-A6E3-A4ED9292AD73}"
EndProject
Global
	GlobalSection(SolutionConfigurationPlatforms) = preSolution
		Debug|Any CPU = Debug|Any CPU
		Release|Any CPU = Release|Any CPU
	EndGlobalSection
	GlobalSection(ProjectConfigurationPlatforms) = postSolution
		{01669A1D-A07E-4898-B480-39D0606026B2}.Debug|Any CPU.ActiveCfg = Debug|Any CPU
		{01669A1D-A07E-4898-B480-39D0606026B2}.Debug|Any CPU.Build.0 = Debug|Any CPU
		{01669A1D-A07E-4898-B480-39D0606026B2}.Release|Any CPU.ActiveCfg = Release|Any CPU
		{01669A1D-A07E-4898-B480-39D0606026B2}.Release|Any CPU.Build.0 = Release|Any CPU
		{506BF0F2-78A7-44E3-A8BB-782EA2E47FCE}.Debug|Any CPU.ActiveCfg = Debug|Any CPU
		{506BF0F2-78A7-44E3-A8BB-782EA2E47FCE}.Debug|Any CPU.Build.0 = Debug|Any CPU
		{506BF0F2-78A7-44E3-A8BB-782EA2E47FCE}.Release|Any CPU.ActiveCfg = Release|Any CPU
		{506BF0F2-78A7-44E3-A8BB-782EA2E47FCE}.Release|Any CPU.Build.0 = Release|Any CPU
		{27FFD7DA-08DA-43B3-966F-066B62AA7973}.Debug|Any CPU.ActiveCfg = Debug|Any CPU
		{27FFD7DA-08DA-43B3-966F-066B62AA7973}.Debug|Any CPU.Build.0 = Debug|Any CPU
		{27FFD7DA-08DA-43B3-966F-066B62AA7973}.Release|Any CPU.ActiveCfg = Release|Any CPU
		{27FFD7DA-08DA-43B3-966F-066B62AA7973}.Release|Any CPU.Build.0 = Release|Any CPU
		{666F3492-56E2-4D5A-BECC-03B3738F7DDA}.Debug|Any CPU.ActiveCfg = Debug|Any CPU
		{666F3492-56E2-4D5A-BECC-03B3738F7DDA}.Debug|Any CPU.Build.0 = Debug|Any CPU
		{666F3492-56E2-4D5A-BECC-03B3738F7DDA}.Release|Any CPU.ActiveCfg = Release|Any CPU
		{666F3492-56E2-4D5A-BECC-03B3738F7DDA}.Release|Any CPU.Build.0 = Release|Any CPU
		{802B00A9-7D8B-4624-98AE-C26458C52475}.Debug|Any CPU.ActiveCfg = Debug|Any CPU
		{802B00A9-7D8B-4624-98AE-C26458C52475}.Debug|Any CPU.Build.0 = Debug|Any CPU
		{802B00A9-7D8B-4624-98AE-C26458C52475}.Release|Any CPU.ActiveCfg = Release|Any CPU
		{802B00A9-7D8B-4624-98AE-C26458C52475}.Release|Any CPU.Build.0 = Release|Any CPU
		{4ECFD7C8-5EA1-4E94-8DC1-56D654535507}.Debug|Any CPU.ActiveCfg = Debug|Any CPU
		{4ECFD7C8-5EA1-4E94-8DC1-56D654535507}.Debug|Any CPU.Build.0 = Debug|Any CPU
		{4ECFD7C8-5EA1-4E94-8DC1-56D654535507}.Release|Any CPU.ActiveCfg = Release|Any CPU
		{4ECFD7C8-5EA1-4E94-8DC1-56D654535507}.Release|Any CPU.Build.0 = Release|Any CPU
		{504B1AE1-6D71-4189-8126-653C0F0F790A}.Debug|Any CPU.ActiveCfg = Debug|Any CPU
		{504B1AE1-6D71-4189-8126-653C0F0F790A}.Debug|Any CPU.Build.0 = Debug|Any CPU
		{504B1AE1-6D71-4189-8126-653C0F0F790A}.Release|Any CPU.ActiveCfg = Release|Any CPU
		{504B1AE1-6D71-4189-8126-653C0F0F790A}.Release|Any CPU.Build.0 = Release|Any CPU
		{7783F6C2-D2C7-409F-824A-3ED787F4B903}.Debug|Any CPU.ActiveCfg = Debug|Any CPU
		{7783F6C2-D2C7-409F-824A-3ED787F4B903}.Debug|Any CPU.Build.0 = Debug|Any CPU
		{7783F6C2-D2C7-409F-824A-3ED787F4B903}.Release|Any CPU.ActiveCfg = Release|Any CPU
		{7783F6C2-D2C7-409F-824A-3ED787F4B903}.Release|Any CPU.Build.0 = Release|Any CPU
		{C8B4E8F1-CCCB-4A6F-B4F4-071084935E37}.Debug|Any CPU.ActiveCfg = Debug|Any CPU
		{C8B4E8F1-CCCB-4A6F-B4F4-071084935E37}.Debug|Any CPU.Build.0 = Debug|Any CPU
		{C8B4E8F1-CCCB-4A6F-B4F4-071084935E37}.Release|Any CPU.ActiveCfg = Release|Any CPU
		{C8B4E8F1-CCCB-4A6F-B4F4-071084935E37}.Release|Any CPU.Build.0 = Release|Any CPU
		{176653D0-CA0C-4EE5-A654-B513E06117AE}.Debug|Any CPU.ActiveCfg = Debug|Any CPU
		{176653D0-CA0C-4EE5-A654-B513E06117AE}.Debug|Any CPU.Build.0 = Debug|Any CPU
		{176653D0-CA0C-4EE5-A654-B513E06117AE}.Release|Any CPU.ActiveCfg = Release|Any CPU
		{176653D0-CA0C-4EE5-A654-B513E06117AE}.Release|Any CPU.Build.0 = Release|Any CPU
		{D4F96ACF-B0B6-4407-A6E3-A4ED9292AD73}.Debug|Any CPU.ActiveCfg = Debug|Any CPU
		{D4F96ACF-B0B6-4407-A6E3-A4ED9292AD73}.Debug|Any CPU.Build.0 = Debug|Any CPU
		{D4F96ACF-B0B6-4407-A6E3-A4ED9292AD73}.Release|Any CPU.ActiveCfg = Release|Any CPU
		{D4F96ACF-B0B6-4407-A6E3-A4ED9292AD73}.Release|Any CPU.Build.0 = Release|Any CPU
	EndGlobalSection
	GlobalSection(SolutionProperties) = preSolution
		HideSolutionNode = FALSE
	EndGlobalSection
	GlobalSection(ExtensibilityGlobals) = postSolution
		SolutionGuid = {A7186341-2392-453A-AFBE-60E05EEA9960}
	EndGlobalSection
EndGlobal
